
Microsoft Visual Studio Solution File, Format Version 12.00
# Visual Studio Version 16
VisualStudioVersion = 16.0.30611.23
MinimumVisualStudioVersion = 10.0.40219.1
Project("{FAE04EC0-301F-11D3-BF4B-00C04F79EFBC}") = "mvcLoginRegistration", "mvcLoginRegistration\mvcLoginRegistration.csproj", "{11C1223E-2792-4B79-AB19-BCE083D4C99E}"
EndProject
Global
	GlobalSection(SolutionConfigurationPlatforms) = preSolution
		Debug|Any CPU = Debug|Any CPU
		Release|Any CPU = Release|Any CPU
	EndGlobalSection
	GlobalSection(ProjectConfigurationPlatforms) = postSolution
		{11C1223E-2792-4B79-AB19-BCE083D4C99E}.Debug|Any CPU.ActiveCfg = Debug|Any CPU
		{11C1223E-2792-4B79-AB19-BCE083D4C99E}.Debug|Any CPU.Build.0 = Debug|Any CPU
		{11C1223E-2792-4B79-AB19-BCE083D4C99E}.Release|Any CPU.ActiveCfg = Release|Any CPU
		{11C1223E-2792-4B79-AB19-BCE083D4C99E}.Release|Any CPU.Build.0 = Release|Any CPU
	EndGlobalSection
	GlobalSection(SolutionProperties) = preSolution
		HideSolutionNode = FALSE
	EndGlobalSection
	GlobalSection(ExtensibilityGlobals) = postSolution
		SolutionGuid = {7EDE40FC-B51C-43FD-82B8-FD134E9388B4}
	EndGlobalSection
EndGlobal
